{
  "name": "boraCodar",
  "lockfileVersion": 2,
  "requires": true,
  "packages": {
    "": {
      "dependencies": {
        "imask": "^6.5.1-alpha.1"
      }
    },
    "node_modules/imask": {
      "version": "6.5.1-alpha.1",
      "resolved": "https://registry.npmjs.org/imask/-/imask-6.5.1-alpha.1.tgz",
      "integrity": "sha512-sM+4MUZgIOKGJkOvdif/BqyBWJEC9XaS7v4hs1evus8F67VhxSkWDP3rMsENYAYMycHS5HwVsger5d9+mu95/w==",
      "engines": {
        "npm": ">=4.0.0"
      }
    }
  },
  "dependencies": {
    "imask": {
      "version": "6.5.1-alpha.1",
      "resolved": "https://registry.npmjs.org/imask/-/imask-6.5.1-alpha.1.tgz",
      "integrity": "sha512-sM+4MUZgIOKGJkOvdif/BqyBWJEC9XaS7v4hs1evus8F67VhxSkWDP3rMsENYAYMycHS5HwVsger5d9+mu95/w=="
    }
  }
}
